
Microsoft Visual Studio Solution File, Format Version 12.00
# Visual Studio 15
VisualStudioVersion = 15.0.28307.438
MinimumVisualStudioVersion = 10.0.40219.1
Project("{FAE04EC0-301F-11D3-BF4B-00C04F79EFBC}") = "SharedLocalization.Android", "SharedLocalization\SharedLocalization.Android\SharedLocalization.Android.csproj", "{7CCA0DBA-DCA3-4552-9C9D-FE9BE8436FD8}"
EndProject
Project("{FAE04EC0-301F-11D3-BF4B-00C04F79EFBC}") = "SharedLocalization.iOS", "SharedLocalization\SharedLocalization.iOS\SharedLocalization.iOS.csproj", "{9125241E-8CD6-4CD2-8CF1-37E095B6DBDF}"
EndProject
Project("{D954291E-2A0B-460D-934E-DC6B0785DB48}") = "SharedLocalization", "SharedLocalization\SharedLocalization\SharedLocalization.shproj", "{1B53E0E2-03C0-4224-AF1A-B7D8D33B7CF5}"
EndProject
Project("{FAE04EC0-301F-11D3-BF4B-00C04F79EFBC}") = "SharedLocalization.Common", "SharedLocalization.Common\SharedLocalization.Common.csproj", "{33E4EE3D-490B-4553-870C-C40ECA4F0B64}"
EndProject
Global
	GlobalSection(SharedMSBuildProjectFiles) = preSolution
		SharedLocalization\SharedLocalization\SharedLocalization.projitems*{1b53e0e2-03c0-4224-af1a-b7d8d33b7cf5}*SharedItemsImports = 13
		SharedLocalization\SharedLocalization\SharedLocalization.projitems*{7cca0dba-dca3-4552-9c9d-fe9be8436fd8}*SharedItemsImports = 4
		SharedLocalization\SharedLocalization\SharedLocalization.projitems*{9125241e-8cd6-4cd2-8cf1-37e095b6dbdf}*SharedItemsImports = 4
	EndGlobalSection
	GlobalSection(SolutionConfigurationPlatforms) = preSolution
		Ad-Hoc|Any CPU = Ad-Hoc|Any CPU
		Ad-Hoc|iPhone = Ad-Hoc|iPhone
		Ad-Hoc|iPhoneSimulator = Ad-Hoc|iPhoneSimulator
		AppStore|Any CPU = AppStore|Any CPU
		AppStore|iPhone = AppStore|iPhone
		AppStore|iPhoneSimulator = AppStore|iPhoneSimulator
		Debug|Any CPU = Debug|Any CPU
		Debug|iPhone = Debug|iPhone
		Debug|iPhoneSimulator = Debug|iPhoneSimulator
		Release|Any CPU = Release|Any CPU
		Release|iPhone = Release|iPhone
		Release|iPhoneSimulator = Release|iPhoneSimulator
	EndGlobalSection
	GlobalSection(ProjectConfigurationPlatforms) = postSolution
		{7CCA0DBA-DCA3-4552-9C9D-FE9BE8436FD8}.Ad-Hoc|Any CPU.ActiveCfg = Release|Any CPU
		{7CCA0DBA-DCA3-4552-9C9D-FE9BE8436FD8}.Ad-Hoc|Any CPU.Build.0 = Release|Any CPU
		{7CCA0DBA-DCA3-4552-9C9D-FE9BE8436FD8}.Ad-Hoc|Any CPU.Deploy.0 = Release|Any CPU
		{7CCA0DBA-DCA3-4552-9C9D-FE9BE8436FD8}.Ad-Hoc|iPhone.ActiveCfg = Release|Any CPU
		{7CCA0DBA-DCA3-4552-9C9D-FE9BE8436FD8}.Ad-Hoc|iPhone.Build.0 = Release|Any CPU
		{7CCA0DBA-DCA3-4552-9C9D-FE9BE8436FD8}.Ad-Hoc|iPhone.Deploy.0 = Release|Any CPU
		{7CCA0DBA-DCA3-4552-9C9D-FE9BE8436FD8}.Ad-Hoc|iPhoneSimulator.ActiveCfg = Release|Any CPU
		{7CCA0DBA-DCA3-4552-9C9D-FE9BE8436FD8}.Ad-Hoc|iPhoneSimulator.Build.0 = Release|Any CPU
		{7CCA0DBA-DCA3-4552-9C9D-FE9BE8436FD8}.Ad-Hoc|iPhoneSimulator.Deploy.0 = Release|Any CPU
		{7CCA0DBA-DCA3-4552-9C9D-FE9BE8436FD8}.AppStore|Any CPU.ActiveCfg = Release|Any CPU
		{7CCA0DBA-DCA3-4552-9C9D-FE9BE8436FD8}.AppStore|Any CPU.Build.0 = Release|Any CPU
		{7CCA0DBA-DCA3-4552-9C9D-FE9BE8436FD8}.AppStore|Any CPU.Deploy.0 = Release|Any CPU
		{7CCA0DBA-DCA3-4552-9C9D-FE9BE8436FD8}.AppStore|iPhone.ActiveCfg = Release|Any CPU
		{7CCA0DBA-DCA3-4552-9C9D-FE9BE8436FD8}.AppStore|iPhone.Build.0 = Release|Any CPU
		{7CCA0DBA-DCA3-4552-9C9D-FE9BE8436FD8}.AppStore|iPhone.Deploy.0 = Release|Any CPU
		{7CCA0DBA-DCA3-4552-9C9D-FE9BE8436FD8}.AppStore|iPhoneSimulator.ActiveCfg = Release|Any CPU
		{7CCA0DBA-DCA3-4552-9C9D-FE9BE8436FD8}.AppStore|iPhoneSimulator.Build.0 = Release|Any CPU
		{7CCA0DBA-DCA3-4552-9C9D-FE9BE8436FD8}.AppStore|iPhoneSimulator.Deploy.0 = Release|Any CPU
		{7CCA0DBA-DCA3-4552-9C9D-FE9BE8436FD8}.Debug|Any CPU.ActiveCfg = Debug|Any CPU
		{7CCA0DBA-DCA3-4552-9C9D-FE9BE8436FD8}.Debug|Any CPU.Build.0 = Debug|Any CPU
		{7CCA0DBA-DCA3-4552-9C9D-FE9BE8436FD8}.Debug|Any CPU.Deploy.0 = Debug|Any CPU
		{7CCA0DBA-DCA3-4552-9C9D-FE9BE8436FD8}.Debug|iPhone.ActiveCfg = Debug|Any CPU
		{7CCA0DBA-DCA3-4552-9C9D-FE9BE8436FD8}.Debug|iPhone.Build.0 = Debug|Any CPU
		{7CCA0DBA-DCA3-4552-9C9D-FE9BE8436FD8}.Debug|iPhone.Deploy.0 = Debug|Any CPU
		{7CCA0DBA-DCA3-4552-9C9D-FE9BE8436FD8}.Debug|iPhoneSimulator.ActiveCfg = Debug|Any CPU
		{7CCA0DBA-DCA3-4552-9C9D-FE9BE8436FD8}.Debug|iPhoneSimulator.Build.0 = Debug|Any CPU
		{7CCA0DBA-DCA3-4552-9C9D-FE9BE8436FD8}.Debug|iPhoneSimulator.Deploy.0 = Debug|Any CPU
		{7CCA0DBA-DCA3-4552-9C9D-FE9BE8436FD8}.Release|Any CPU.ActiveCfg = Release|Any CPU
		{7CCA0DBA-DCA3-4552-9C9D-FE9BE8436FD8}.Release|Any CPU.Build.0 = Release|Any CPU
		{7CCA0DBA-DCA3-4552-9C9D-FE9BE8436FD8}.Release|Any CPU.Deploy.0 = Release|Any CPU
		{7CCA0DBA-DCA3-4552-9C9D-FE9BE8436FD8}.Release|iPhone.ActiveCfg = Release|Any CPU
		{7CCA0DBA-DCA3-4552-9C9D-FE9BE8436FD8}.Release|iPhone.Build.0 = Release|Any CPU
		{7CCA0DBA-DCA3-4552-9C9D-FE9BE8436FD8}.Release|iPhone.Deploy.0 = Release|Any CPU
		{7CCA0DBA-DCA3-4552-9C9D-FE9BE8436FD8}.Release|iPhoneSimulator.ActiveCfg = Release|Any CPU
		{7CCA0DBA-DCA3-4552-9C9D-FE9BE8436FD8}.Release|iPhoneSimulator.Build.0 = Release|Any CPU
		{7CCA0DBA-DCA3-4552-9C9D-FE9BE8436FD8}.Release|iPhoneSimulator.Deploy.0 = Release|Any CPU
		{9125241E-8CD6-4CD2-8CF1-37E095B6DBDF}.Ad-Hoc|Any CPU.ActiveCfg = Ad-Hoc|iPhone
		{9125241E-8CD6-4CD2-8CF1-37E095B6DBDF}.Ad-Hoc|Any CPU.Build.0 = Ad-Hoc|iPhone
		{9125241E-8CD6-4CD2-8CF1-37E095B6DBDF}.Ad-Hoc|Any CPU.Deploy.0 = Ad-Hoc|iPhone
		{9125241E-8CD6-4CD2-8CF1-37E095B6DBDF}.Ad-Hoc|iPhone.ActiveCfg = Ad-Hoc|iPhone
		{9125241E-8CD6-4CD2-8CF1-37E095B6DBDF}.Ad-Hoc|iPhone.Build.0 = Ad-Hoc|iPhone
		{9125241E-8CD6-4CD2-8CF1-37E095B6DBDF}.Ad-Hoc|iPhone.Deploy.0 = Ad-Hoc|iPhone
		{9125241E-8CD6-4CD2-8CF1-37E095B6DBDF}.Ad-Hoc|iPhoneSimulator.ActiveCfg = Ad-Hoc|iPhoneSimulator
		{9125241E-8CD6-4CD2-8CF1-37E095B6DBDF}.Ad-Hoc|iPhoneSimulator.Build.0 = Ad-Hoc|iPhoneSimulator
		{9125241E-8CD6-4CD2-8CF1-37E095B6DBDF}.Ad-Hoc|iPhoneSimulator.Deploy.0 = Ad-Hoc|iPhoneSimulator
		{9125241E-8CD6-4CD2-8CF1-37E095B6DBDF}.AppStore|Any CPU.ActiveCfg = AppStore|iPhone
		{9125241E-8CD6-4CD2-8CF1-37E095B6DBDF}.AppStore|Any CPU.Build.0 = AppStore|iPhone
		{9125241E-8CD6-4CD2-8CF1-37E095B6DBDF}.AppStore|Any CPU.Deploy.0 = AppStore|iPhone
		{9125241E-8CD6-4CD2-8CF1-37E095B6DBDF}.AppStore|iPhone.ActiveCfg = AppStore|iPhone
		{9125241E-8CD6-4CD2-8CF1-37E095B6DBDF}.AppStore|iPhone.Build.0 = AppStore|iPhone
		{9125241E-8CD6-4CD2-8CF1-37E095B6DBDF}.AppStore|iPhone.Deploy.0 = AppStore|iPhone
		{9125241E-8CD6-4CD2-8CF1-37E095B6DBDF}.AppStore|iPhoneSimulator.ActiveCfg = AppStore|iPhoneSimulator
		{9125241E-8CD6-4CD2-8CF1-37E095B6DBDF}.AppStore|iPhoneSimulator.Build.0 = AppStore|iPhoneSimulator
		{9125241E-8CD6-4CD2-8CF1-37E095B6DBDF}.AppStore|iPhoneSimulator.Deploy.0 = AppStore|iPhoneSimulator
		{9125241E-8CD6-4CD2-8CF1-37E095B6DBDF}.Debug|Any CPU.ActiveCfg = Debug|iPhoneSimulator
		{9125241E-8CD6-4CD2-8CF1-37E095B6DBDF}.Debug|Any CPU.Build.0 = Debug|iPhoneSimulator
		{9125241E-8CD6-4CD2-8CF1-37E095B6DBDF}.Debug|Any CPU.Deploy.0 = Debug|iPhoneSimulator
		{9125241E-8CD6-4CD2-8CF1-37E095B6DBDF}.Debug|iPhone.ActiveCfg = Debug|iPhone
		{9125241E-8CD6-4CD2-8CF1-37E095B6DBDF}.Debug|iPhone.Build.0 = Debug|iPhone
		{9125241E-8CD6-4CD2-8CF1-37E095B6DBDF}.Debug|iPhone.Deploy.0 = Debug|iPhone
		{9125241E-8CD6-4CD2-8CF1-37E095B6DBDF}.Debug|iPhoneSimulator.ActiveCfg = Debug|iPhoneSimulator
		{9125241E-8CD6-4CD2-8CF1-37E095B6DBDF}.Debug|iPhoneSimulator.Build.0 = Debug|iPhoneSimulator
		{9125241E-8CD6-4CD2-8CF1-37E095B6DBDF}.Debug|iPhoneSimulator.Deploy.0 = Debug|iPhoneSimulator
		{9125241E-8CD6-4CD2-8CF1-37E095B6DBDF}.Release|Any CPU.ActiveCfg = Release|iPhone
		{9125241E-8CD6-4CD2-8CF1-37E095B6DBDF}.Release|Any CPU.Build.0 = Release|iPhone
		{9125241E-8CD6-4CD2-8CF1-37E095B6DBDF}.Release|Any CPU.Deploy.0 = Release|iPhone
		{9125241E-8CD6-4CD2-8CF1-37E095B6DBDF}.Release|iPhone.ActiveCfg = Release|iPhone
		{9125241E-8CD6-4CD2-8CF1-37E095B6DBDF}.Release|iPhone.Build.0 = Release|iPhone
		{9125241E-8CD6-4CD2-8CF1-37E095B6DBDF}.Release|iPhone.Deploy.0 = Release|iPhone
		{9125241E-8CD6-4CD2-8CF1-37E095B6DBDF}.Release|iPhoneSimulator.ActiveCfg = Release|iPhoneSimulator
		{9125241E-8CD6-4CD2-8CF1-37E095B6DBDF}.Release|iPhoneSimulator.Build.0 = Release|iPhoneSimulator
		{9125241E-8CD6-4CD2-8CF1-37E095B6DBDF}.Release|iPhoneSimulator.Deploy.0 = Release|iPhoneSimulator
		{33E4EE3D-490B-4553-870C-C40ECA4F0B64}.Ad-Hoc|Any CPU.ActiveCfg = Release|Any CPU
		{33E4EE3D-490B-4553-870C-C40ECA4F0B64}.Ad-Hoc|Any CPU.Build.0 = Release|Any CPU
		{33E4EE3D-490B-4553-870C-C40ECA4F0B64}.Ad-Hoc|iPhone.ActiveCfg = Release|Any CPU
		{33E4EE3D-490B-4553-870C-C40ECA4F0B64}.Ad-Hoc|iPhone.Build.0 = Release|Any CPU
		{33E4EE3D-490B-4553-870C-C40ECA4F0B64}.Ad-Hoc|iPhoneSimulator.ActiveCfg = Release|Any CPU
		{33E4EE3D-490B-4553-870C-C40ECA4F0B64}.Ad-Hoc|iPhoneSimulator.Build.0 = Release|Any CPU
		{33E4EE3D-490B-4553-870C-C40ECA4F0B64}.AppStore|Any CPU.ActiveCfg = Release|Any CPU
		{33E4EE3D-490B-4553-870C-C40ECA4F0B64}.AppStore|Any CPU.Build.0 = Release|Any CPU
		{33E4EE3D-490B-4553-870C-C40ECA4F0B64}.AppStore|iPhone.ActiveCfg = Release|Any CPU
		{33E4EE3D-490B-4553-870C-C40ECA4F0B64}.AppStore|iPhone.Build.0 = Release|Any CPU
		{33E4EE3D-490B-4553-870C-C40ECA4F0B64}.AppStore|iPhoneSimulator.ActiveCfg = Release|Any CPU
		{33E4EE3D-490B-4553-870C-C40ECA4F0B64}.AppStore|iPhoneSimulator.Build.0 = Release|Any CPU
		{33E4EE3D-490B-4553-870C-C40ECA4F0B64}.Debug|Any CPU.ActiveCfg = Debug|Any CPU
		{33E4EE3D-490B-4553-870C-C40ECA4F0B64}.Debug|Any CPU.Build.0 = Debug|Any CPU
		{33E4EE3D-490B-4553-870C-C40ECA4F0B64}.Debug|iPhone.ActiveCfg = Debug|Any CPU
		{33E4EE3D-490B-4553-870C-C40ECA4F0B64}.Debug|iPhone.Build.0 = Debug|Any CPU
		{33E4EE3D-490B-4553-870C-C40ECA4F0B64}.Debug|iPhoneSimulator.ActiveCfg = Debug|Any CPU
		{33E4EE3D-490B-4553-870C-C40ECA4F0B64}.Debug|iPhoneSimulator.Build.0 = Debug|Any CPU
		{33E4EE3D-490B-4553-870C-C40ECA4F0B64}.Release|Any CPU.ActiveCfg = Release|Any CPU
		{33E4EE3D-490B-4553-870C-C40ECA4F0B64}.Release|Any CPU.Build.0 = Release|Any CPU
		{33E4EE3D-490B-4553-870C-C40ECA4F0B64}.Release|iPhone.ActiveCfg = Release|Any CPU
		{33E4EE3D-490B-4553-870C-C40ECA4F0B64}.Release|iPhone.Build.0 = Release|Any CPU
		{33E4EE3D-490B-4553-870C-C40ECA4F0B64}.Release|iPhoneSimulator.ActiveCfg = Release|Any CPU
		{33E4EE3D-490B-4553-870C-C40ECA4F0B64}.Release|iPhoneSimulator.Build.0 = Release|Any CPU
	EndGlobalSection
	GlobalSection(SolutionProperties) = preSolution
		HideSolutionNode = FALSE
	EndGlobalSection
	GlobalSection(ExtensibilityGlobals) = postSolution
		SolutionGuid = {8A40638C-E4AD-4A9D-AEB0-3772EEB00386}
	EndGlobalSection
EndGlobal
